
Microsoft Visual Studio Solution File, Format Version 12.00
# Visual Studio 2012
Project("{FAE04EC0-301F-11D3-BF4B-00C04F79EFBC}") = "QSG.LittleCaesars.BackOffice.Web", "QSG.LittleCaesars.BackOffice.Web\QSG.LittleCaesars.BackOffice.Web.csproj", "{9AE2B820-C532-459C-B2B2-9402D7F242C6}"
EndProject
Project("{FAE04EC0-301F-11D3-BF4B-00C04F79EFBC}") = "QSG.LittleCaesars.BackOffice.Common", "QSG.LittleCaesars.BackOffice.Common\QSG.LittleCaesars.BackOffice.Common.csproj", "{ACE31C2F-4DAD-4A28-B8E5-3FBC70EF89DE}"
EndProject
Project("{FAE04EC0-301F-11D3-BF4B-00C04F79EFBC}") = "QSG.LittleCaesars.BackOffice.DAL", "QSG.LittleCaesars.BackOffice.DAL\QSG.LittleCaesars.BackOffice.DAL.csproj", "{41E1115D-848B-474A-AE83-D264403DF8C7}"
EndProject
Project("{FAE04EC0-301F-11D3-BF4B-00C04F79EFBC}") = "QSG.LittleCaesars.BackOffice.BL", "QSG.LittleCaesars.BackOffice.BL\QSG.LittleCaesars.BackOffice.BL.csproj", "{2876E0FF-8802-4CEA-A3BA-5CABD76B8E58}"
EndProject
Project("{FAE04EC0-301F-11D3-BF4B-00C04F79EFBC}") = "QSG.LittleCaesars.BackOffice.Messages", "QSG.LittleCaesars.BackOffice.Messages\QSG.LittleCaesars.BackOffice.Messages.csproj", "{CC3DB8AA-14DD-485A-B85E-D1C34E3512A9}"
EndProject
Project("{FAE04EC0-301F-11D3-BF4B-00C04F79EFBC}") = "QSG.LittleCaesars.FrontOffice.Web", "QSG.LittleCaesars.FrontOffice.Web\QSG.LittleCaesars.FrontOffice.Web.csproj", "{D7223FFE-744D-41E8-9508-98DEDB778074}"
EndProject
Project("{FAE04EC0-301F-11D3-BF4B-00C04F79EFBC}") = "QSG.LittleCaesars.Test", "QSG.LittleCaesars.Test\QSG.LittleCaesars.Test.csproj", "{DA326642-658E-4FDA-A846-5745BA91DC51}"
EndProject
Global
	GlobalSection(SolutionConfigurationPlatforms) = preSolution
		Debug|Any CPU = Debug|Any CPU
		Release|Any CPU = Release|Any CPU
	EndGlobalSection
	GlobalSection(ProjectConfigurationPlatforms) = postSolution
		{9AE2B820-C532-459C-B2B2-9402D7F242C6}.Debug|Any CPU.ActiveCfg = Debug|Any CPU
		{9AE2B820-C532-459C-B2B2-9402D7F242C6}.Debug|Any CPU.Build.0 = Debug|Any CPU
		{9AE2B820-C532-459C-B2B2-9402D7F242C6}.Release|Any CPU.ActiveCfg = Release|Any CPU
		{9AE2B820-C532-459C-B2B2-9402D7F242C6}.Release|Any CPU.Build.0 = Release|Any CPU
		{ACE31C2F-4DAD-4A28-B8E5-3FBC70EF89DE}.Debug|Any CPU.ActiveCfg = Debug|Any CPU
		{ACE31C2F-4DAD-4A28-B8E5-3FBC70EF89DE}.Debug|Any CPU.Build.0 = Debug|Any CPU
		{ACE31C2F-4DAD-4A28-B8E5-3FBC70EF89DE}.Release|Any CPU.ActiveCfg = Release|Any CPU
		{ACE31C2F-4DAD-4A28-B8E5-3FBC70EF89DE}.Release|Any CPU.Build.0 = Release|Any CPU
		{41E1115D-848B-474A-AE83-D264403DF8C7}.Debug|Any CPU.ActiveCfg = Debug|Any CPU
		{41E1115D-848B-474A-AE83-D264403DF8C7}.Debug|Any CPU.Build.0 = Debug|Any CPU
		{41E1115D-848B-474A-AE83-D264403DF8C7}.Release|Any CPU.ActiveCfg = Release|Any CPU
		{41E1115D-848B-474A-AE83-D264403DF8C7}.Release|Any CPU.Build.0 = Release|Any CPU
		{2876E0FF-8802-4CEA-A3BA-5CABD76B8E58}.Debug|Any CPU.ActiveCfg = Debug|Any CPU
		{2876E0FF-8802-4CEA-A3BA-5CABD76B8E58}.Debug|Any CPU.Build.0 = Debug|Any CPU
		{2876E0FF-8802-4CEA-A3BA-5CABD76B8E58}.Release|Any CPU.ActiveCfg = Release|Any CPU
		{2876E0FF-8802-4CEA-A3BA-5CABD76B8E58}.Release|Any CPU.Build.0 = Release|Any CPU
		{CC3DB8AA-14DD-485A-B85E-D1C34E3512A9}.Debug|Any CPU.ActiveCfg = Debug|Any CPU
		{CC3DB8AA-14DD-485A-B85E-D1C34E3512A9}.Debug|Any CPU.Build.0 = Debug|Any CPU
		{CC3DB8AA-14DD-485A-B85E-D1C34E3512A9}.Release|Any CPU.ActiveCfg = Release|Any CPU
		{CC3DB8AA-14DD-485A-B85E-D1C34E3512A9}.Release|Any CPU.Build.0 = Release|Any CPU
		{D7223FFE-744D-41E8-9508-98DEDB778074}.Debug|Any CPU.ActiveCfg = Debug|Any CPU
		{D7223FFE-744D-41E8-9508-98DEDB778074}.Debug|Any CPU.Build.0 = Debug|Any CPU
		{D7223FFE-744D-41E8-9508-98DEDB778074}.Release|Any CPU.ActiveCfg = Release|Any CPU
		{D7223FFE-744D-41E8-9508-98DEDB778074}.Release|Any CPU.Build.0 = Release|Any CPU
		{DA326642-658E-4FDA-A846-5745BA91DC51}.Debug|Any CPU.ActiveCfg = Debug|Any CPU
		{DA326642-658E-4FDA-A846-5745BA91DC51}.Debug|Any CPU.Build.0 = Debug|Any CPU
		{DA326642-658E-4FDA-A846-5745BA91DC51}.Release|Any CPU.ActiveCfg = Release|Any CPU
		{DA326642-658E-4FDA-A846-5745BA91DC51}.Release|Any CPU.Build.0 = Release|Any CPU
	EndGlobalSection
	GlobalSection(SolutionProperties) = preSolution
		HideSolutionNode = FALSE
	EndGlobalSection
EndGlobal
